github.com/onsi-experimental/executor	6368e4996769f9812c91ff9c84fa2f542a07bc72
github.com/onsi-experimental/garden	99c74ebec44e7fb0e55b5cd3b81414c29b78895d
github.com/onsi-experimental/runtime-schema	23f5e09a5e8da3a7e7be0a29be3c0be89635e896
github.com/cloudfoundry/storeadapter	f20ec1a9d14792b980ff4668310dec15e34c5a63
github.com/vito/gordon	be6421b41938ee3af489399dbe736c508b276e36
bitbucket.org/kardianos/osext	364fb577de68
code.google.com/p/gogoprotobuf/protoc-gen-gogo	5ad34ffef55c3655a6ca3f46adf798484c3e1e2e
code.google.com/p/gogoprotobuf/proto	5ad34ffef55c3655a6ca3f46adf798484c3e1e2e
github.com/cloudfoundry/gunk	24e811fc31d116330aaadfa9ff8e6693580436e1
github.com/coreos/go-etcd/etcd	5c0151c64399ff9a8087c2e29ae96145ede7cfc2
github.com/coreos/go-log/log	70d039bee4b0e389e5be560491d8291708506f59
github.com/coreos/go-systemd	4a3b33ed414ad42fddee2a4848c4cb9ad36a0677
github.com/nu7hatch/gouuid	179d4d0c4d8d407a32af483c2354df1d2c91e6c3
github.com/samuel/go-zookeeper/zk	897888e14f7bd6c1c9a70e2973d0f5fbdb28bde0
github.com/onsi/ginkgo	c6d536e4cd9a6081767209fed9807811949a4033
github.com/onsi/gomega	d7685fbd45fb7bef327b43ca2781368c68bf72b7
github.com/coreos/etcd	a542a7804b02dfc3a8f4a14f08534344497326e1
github.com/vito/cmdtest	4b86f8c2259c55e86e4b971cd7dc5dfb03e41b80
code.google.com/p/go.tools/cmd/cover	4cfe4f270b9f
github.com/dustin/goveralls	0bb6195525a794a8b9e0a10f4752e1ac6a0683c8
